
Microsoft Visual Studio Solution File, Format Version 12.00
# Visual Studio Version 16
VisualStudioVersion = 16.0.30621.155
MinimumVisualStudioVersion = 10.0.40219.1
Project("{FAE04EC0-301F-11D3-BF4B-00C04F79EFBC}") = "OOP_10(2)", "OOP_10(2).csproj", "{6FC4145F-FE28-4ECE-8098-A46D7BF8DF8C}"
EndProject
Global
	GlobalSection(SolutionConfigurationPlatforms) = preSolution
		Debug|Any CPU = Debug|Any CPU
		Release|Any CPU = Release|Any CPU
	EndGlobalSection
	GlobalSection(ProjectConfigurationPlatforms) = postSolution
		{6FC4145F-FE28-4ECE-8098-A46D7BF8DF8C}.Debug|Any CPU.ActiveCfg = Debug|Any CPU
		{6FC4145F-FE28-4ECE-8098-A46D7BF8DF8C}.Debug|Any CPU.Build.0 = Debug|Any CPU
		{6FC4145F-FE28-4ECE-8098-A46D7BF8DF8C}.Release|Any CPU.ActiveCfg = Release|Any CPU
		{6FC4145F-FE28-4ECE-8098-A46D7BF8DF8C}.Release|Any CPU.Build.0 = Release|Any CPU
	EndGlobalSection
	GlobalSection(SolutionProperties) = preSolution
		HideSolutionNode = FALSE
	EndGlobalSection
	GlobalSection(ExtensibilityGlobals) = postSolution
		SolutionGuid = {F9C2086F-9486-4D77-A99E-4B3071B103A5}
	EndGlobalSection
EndGlobal
